{
  "nodes": {
    "caldir": {
      "inputs": {
        "nixpkgs": [
          "nixpkgs"
        ]
      },
      "locked": {
        "lastModified": 1789632716,
        "narHash": "sha256-SMc51k3TfR1LK5464/Dw3zs61N4dmjbVOD9NYTxh5RM=",
        "owner": "t4t5",
        "repo": "caldir",
        "rev": "2860ad2becd6c88a0b154de8f6a8d5a35c689cdd",
        "type": "github"
      },
      "original": {
        "owner": "t4t5",
        "ref": "v0.14.2",
        "repo": "caldir",
        "type": "github"
      }
    },
    "nixpkgs": {
      "locked": {
        "lastModified": 1789006805,
        "narHash": "sha256-xB8mKMOx1IA9vTDNLmJZ6n4wCMq/cuWBBOzGCRnqxrU=",
        "owner": "NixOS",
        "repo": "nixpkgs",
        "rev": "8ce4ef6cb6f871616146b9fe26d2a5ae594e94fe",
        "type": "github"
      },
      "original": {
        "owner": "NixOS",
        "ref": "nixos-unstable",
        "repo": "nixpkgs",
        "type": "github"
      }
    },
    "root": {
      "inputs": {
        "caldir": "caldir",
        "nixpkgs": "nixpkgs"
      }
    }
  },
  "root": "root",
  "version": 7
}
