{
  "nodes": {
    "caldir": {
      "inputs": {
        "nixpkgs": [
          "nixpkgs"
        ]
      },
      "locked": {
        "lastModified": 1791468265,
        "narHash": "sha256-CZkF2NI2MJlvRS+f0+jPUvuzT0y00kpVrwAKvGbG5+s=",
        "owner": "t4t5",
        "repo": "caldir",
        "rev": "52835dc138e2fe049a2ebbf75b1e4a02e2e65038",
        "type": "github"
      },
      "original": {
        "owner": "t4t5",
        "ref": "v0.14.6",
        "repo": "caldir",
        "type": "github"
      }
    },
    "nixpkgs": {
      "locked": {
        "lastModified": 1789006805,
        "narHash": "sha256-xB8mKMOx1IA9vTDNLmJZ6n4wCMq/cuWBBOzGCRnqxrU=",
        "owner": "NixOS",
        "repo": "nixpkgs",
        "rev": "8ce4ef6cb6f871616146b9fe26d2a5ae594e94fe",
        "type": "github"
      },
      "original": {
        "owner": "NixOS",
        "ref": "nixos-unstable",
        "repo": "nixpkgs",
        "type": "github"
      }
    },
    "root": {
      "inputs": {
        "caldir": "caldir",
        "nixpkgs": "nixpkgs"
      }
    }
  },
  "root": "root",
  "version": 7
}
